
Microsoft Visual Studio Solution File, Format Version 12.00
# Visual Studio Version 16
VisualStudioVersion = 16.0.30517.126
MinimumVisualStudioVersion = 10.0.40219.1
Project("{FAE04EC0-301F-11D3-BF4B-00C04F79EFBC}") = "serialDome", "serialDome\serialDome.csproj", "{3EDC6670-41D7-4B23-B3E4-3E7AD644F4E8}"
EndProject
Project("{54435603-DBB4-11D2-8724-00A0C9A8B90C}") = "上位机", "上位机\上位机.vdproj", "{23183F81-7422-4428-A356-4C433F496BF9}"
EndProject
Global
	GlobalSection(SolutionConfigurationPlatforms) = preSolution
		Debug|Any CPU = Debug|Any CPU
		Release|Any CPU = Release|Any CPU
	EndGlobalSection
	GlobalSection(ProjectConfigurationPlatforms) = postSolution
		{3EDC6670-41D7-4B23-B3E4-3E7AD644F4E8}.Debug|Any CPU.ActiveCfg = Debug|Any CPU
		{3EDC6670-41D7-4B23-B3E4-3E7AD644F4E8}.Debug|Any CPU.Build.0 = Debug|Any CPU
		{3EDC6670-41D7-4B23-B3E4-3E7AD644F4E8}.Release|Any CPU.ActiveCfg = Release|Any CPU
		{3EDC6670-41D7-4B23-B3E4-3E7AD644F4E8}.Release|Any CPU.Build.0 = Release|Any CPU
		{23183F81-7422-4428-A356-4C433F496BF9}.Debug|Any CPU.ActiveCfg = Debug
		{23183F81-7422-4428-A356-4C433F496BF9}.Release|Any CPU.ActiveCfg = Release
	EndGlobalSection
	GlobalSection(SolutionProperties) = preSolution
		HideSolutionNode = FALSE
	EndGlobalSection
	GlobalSection(ExtensibilityGlobals) = postSolution
		SolutionGuid = {7C14E0F7-0E35-4C47-BDE7-97002586F699}
	EndGlobalSection
EndGlobal
